
Microsoft Visual Studio Solution File, Format Version 12.00
# Visual Studio Version 16
VisualStudioVersion = 16.0.30503.244
MinimumVisualStudioVersion = 10.0.40219.1
Project("{FAE04EC0-301F-11D3-BF4B-00C04F79EFBC}") = "CityInfo.Api", "CityInfo.Api\CityInfo.Api.csproj", "{782DF625-243C-47BE-9C55-6EA5EB919586}"
EndProject
Global
	GlobalSection(SolutionConfigurationPlatforms) = preSolution
		Debug|Any CPU = Debug|Any CPU
		Release|Any CPU = Release|Any CPU
	EndGlobalSection
	GlobalSection(ProjectConfigurationPlatforms) = postSolution
		{782DF625-243C-47BE-9C55-6EA5EB919586}.Debug|Any CPU.ActiveCfg = Debug|Any CPU
		{782DF625-243C-47BE-9C55-6EA5EB919586}.Debug|Any CPU.Build.0 = Debug|Any CPU
		{782DF625-243C-47BE-9C55-6EA5EB919586}.Release|Any CPU.ActiveCfg = Release|Any CPU
		{782DF625-243C-47BE-9C55-6EA5EB919586}.Release|Any CPU.Build.0 = Release|Any CPU
	EndGlobalSection
	GlobalSection(SolutionProperties) = preSolution
		HideSolutionNode = FALSE
	EndGlobalSection
	GlobalSection(ExtensibilityGlobals) = postSolution
		SolutionGuid = {9F4E7BB0-59A6-4595-94F2-8D1A6ABE84AD}
	EndGlobalSection
EndGlobal
